
Microsoft Visual Studio Solution File, Format Version 12.00
# Visual Studio Version 17
VisualStudioVersion = 17.3.32819.101
MinimumVisualStudioVersion = 10.0.40219.1
Project("{8BC9CEB8-8B4A-11D0-8D11-00A0C91BC942}") = "is_smithh", "is_smithh\is_smithh.vcxproj", "{7B335016-2DE5-411B-9DEA-D54F92673E8D}"
EndProject
Global
	GlobalSection(SolutionConfigurationPlatforms) = preSolution
		Debug|x64 = Debug|x64
		Debug|x86 = Debug|x86
		Release|x64 = Release|x64
		Release|x86 = Release|x86
	EndGlobalSection
	GlobalSection(ProjectConfigurationPlatforms) = postSolution
		{7B335016-2DE5-411B-9DEA-D54F92673E8D}.Debug|x64.ActiveCfg = Debug|x64
		{7B335016-2DE5-411B-9DEA-D54F92673E8D}.Debug|x64.Build.0 = Debug|x64
		{7B335016-2DE5-411B-9DEA-D54F92673E8D}.Debug|x86.ActiveCfg = Debug|Win32
		{7B335016-2DE5-411B-9DEA-D54F92673E8D}.Debug|x86.Build.0 = Debug|Win32
		{7B335016-2DE5-411B-9DEA-D54F92673E8D}.Release|x64.ActiveCfg = Release|x64
		{7B335016-2DE5-411B-9DEA-D54F92673E8D}.Release|x64.Build.0 = Release|x64
		{7B335016-2DE5-411B-9DEA-D54F92673E8D}.Release|x86.ActiveCfg = Release|Win32
		{7B335016-2DE5-411B-9DEA-D54F92673E8D}.Release|x86.Build.0 = Release|Win32
	EndGlobalSection
	GlobalSection(SolutionProperties) = preSolution
		HideSolutionNode = FALSE
	EndGlobalSection
	GlobalSection(ExtensibilityGlobals) = postSolution
		SolutionGuid = {C235D970-3BE9-4475-8A15-62FA0A0ADF4E}
	EndGlobalSection
EndGlobal
