
Microsoft Visual Studio Solution File, Format Version 12.00
# Visual Studio Version 17
VisualStudioVersion = 17.3.32922.545
MinimumVisualStudioVersion = 10.0.40219.1
Project("{8BC9CEB8-8B4A-11D0-8D11-00A0C91BC942}") = "bubble_sort_and_literals", "bubble_sort_and_literals\bubble_sort_and_literals.vcxproj", "{8A081DC5-DA08-4271-AA80-5F5E96BEBFF8}"
EndProject
Global
	GlobalSection(SolutionConfigurationPlatforms) = preSolution
		Debug|x64 = Debug|x64
		Debug|x86 = Debug|x86
		Release|x64 = Release|x64
		Release|x86 = Release|x86
	EndGlobalSection
	GlobalSection(ProjectConfigurationPlatforms) = postSolution
		{8A081DC5-DA08-4271-AA80-5F5E96BEBFF8}.Debug|x64.ActiveCfg = Debug|x64
		{8A081DC5-DA08-4271-AA80-5F5E96BEBFF8}.Debug|x64.Build.0 = Debug|x64
		{8A081DC5-DA08-4271-AA80-5F5E96BEBFF8}.Debug|x86.ActiveCfg = Debug|Win32
		{8A081DC5-DA08-4271-AA80-5F5E96BEBFF8}.Debug|x86.Build.0 = Debug|Win32
		{8A081DC5-DA08-4271-AA80-5F5E96BEBFF8}.Release|x64.ActiveCfg = Release|x64
		{8A081DC5-DA08-4271-AA80-5F5E96BEBFF8}.Release|x64.Build.0 = Release|x64
		{8A081DC5-DA08-4271-AA80-5F5E96BEBFF8}.Release|x86.ActiveCfg = Release|Win32
		{8A081DC5-DA08-4271-AA80-5F5E96BEBFF8}.Release|x86.Build.0 = Release|Win32
	EndGlobalSection
	GlobalSection(SolutionProperties) = preSolution
		HideSolutionNode = FALSE
	EndGlobalSection
	GlobalSection(ExtensibilityGlobals) = postSolution
		SolutionGuid = {08B7BCDA-634F-4B81-8501-EC8F6D7A743F}
	EndGlobalSection
EndGlobal
