
Microsoft Visual Studio Solution File, Format Version 12.00
# Visual Studio Version 17
VisualStudioVersion = 17.3.32819.101
MinimumVisualStudioVersion = 10.0.40219.1
Project("{8BC9CEB8-8B4A-11D0-8D11-00A0C91BC942}") = "closest_prime", "closest_prime\closest_prime.vcxproj", "{C4782CFD-F3FD-4697-B1B4-9ECB032AA573}"
EndProject
Global
	GlobalSection(SolutionConfigurationPlatforms) = preSolution
		Debug|x64 = Debug|x64
		Debug|x86 = Debug|x86
		Release|x64 = Release|x64
		Release|x86 = Release|x86
	EndGlobalSection
	GlobalSection(ProjectConfigurationPlatforms) = postSolution
		{C4782CFD-F3FD-4697-B1B4-9ECB032AA573}.Debug|x64.ActiveCfg = Debug|x64
		{C4782CFD-F3FD-4697-B1B4-9ECB032AA573}.Debug|x64.Build.0 = Debug|x64
		{C4782CFD-F3FD-4697-B1B4-9ECB032AA573}.Debug|x86.ActiveCfg = Debug|Win32
		{C4782CFD-F3FD-4697-B1B4-9ECB032AA573}.Debug|x86.Build.0 = Debug|Win32
		{C4782CFD-F3FD-4697-B1B4-9ECB032AA573}.Release|x64.ActiveCfg = Release|x64
		{C4782CFD-F3FD-4697-B1B4-9ECB032AA573}.Release|x64.Build.0 = Release|x64
		{C4782CFD-F3FD-4697-B1B4-9ECB032AA573}.Release|x86.ActiveCfg = Release|Win32
		{C4782CFD-F3FD-4697-B1B4-9ECB032AA573}.Release|x86.Build.0 = Release|Win32
	EndGlobalSection
	GlobalSection(SolutionProperties) = preSolution
		HideSolutionNode = FALSE
	EndGlobalSection
	GlobalSection(ExtensibilityGlobals) = postSolution
		SolutionGuid = {9F81B7EF-69D5-4A30-BDE5-694B5A76836C}
	EndGlobalSection
EndGlobal
