
Microsoft Visual Studio Solution File, Format Version 12.00
# Visual Studio Version 17
VisualStudioVersion = 17.3.32922.545
MinimumVisualStudioVersion = 10.0.40219.1
Project("{8BC9CEB8-8B4A-11D0-8D11-00A0C91BC942}") = "symbolic_low_eq_gt", "symbolic_low_eq_gt\symbolic_low_eq_gt.vcxproj", "{04F2B383-C3F9-490E-BA88-CDF085F1AB74}"
EndProject
Global
	GlobalSection(SolutionConfigurationPlatforms) = preSolution
		Debug|x64 = Debug|x64
		Debug|x86 = Debug|x86
		Release|x64 = Release|x64
		Release|x86 = Release|x86
	EndGlobalSection
	GlobalSection(ProjectConfigurationPlatforms) = postSolution
		{04F2B383-C3F9-490E-BA88-CDF085F1AB74}.Debug|x64.ActiveCfg = Debug|x64
		{04F2B383-C3F9-490E-BA88-CDF085F1AB74}.Debug|x64.Build.0 = Debug|x64
		{04F2B383-C3F9-490E-BA88-CDF085F1AB74}.Debug|x86.ActiveCfg = Debug|Win32
		{04F2B383-C3F9-490E-BA88-CDF085F1AB74}.Debug|x86.Build.0 = Debug|Win32
		{04F2B383-C3F9-490E-BA88-CDF085F1AB74}.Release|x64.ActiveCfg = Release|x64
		{04F2B383-C3F9-490E-BA88-CDF085F1AB74}.Release|x64.Build.0 = Release|x64
		{04F2B383-C3F9-490E-BA88-CDF085F1AB74}.Release|x86.ActiveCfg = Release|Win32
		{04F2B383-C3F9-490E-BA88-CDF085F1AB74}.Release|x86.Build.0 = Release|Win32
	EndGlobalSection
	GlobalSection(SolutionProperties) = preSolution
		HideSolutionNode = FALSE
	EndGlobalSection
	GlobalSection(ExtensibilityGlobals) = postSolution
		SolutionGuid = {082E4EF3-D78C-4D95-9AAA-19908A225080}
	EndGlobalSection
EndGlobal
