
Microsoft Visual Studio Solution File, Format Version 12.00
# Visual Studio Version 17
VisualStudioVersion = 17.3.32922.545
MinimumVisualStudioVersion = 10.0.40219.1
Project("{8BC9CEB8-8B4A-11D0-8D11-00A0C91BC942}") = "get_factorion", "get_factorion\get_factorion.vcxproj", "{1D91EF86-C445-4380-8E6F-51673E2DB3E9}"
EndProject
Global
	GlobalSection(SolutionConfigurationPlatforms) = preSolution
		Debug|x64 = Debug|x64
		Debug|x86 = Debug|x86
		Release|x64 = Release|x64
		Release|x86 = Release|x86
	EndGlobalSection
	GlobalSection(ProjectConfigurationPlatforms) = postSolution
		{1D91EF86-C445-4380-8E6F-51673E2DB3E9}.Debug|x64.ActiveCfg = Debug|x64
		{1D91EF86-C445-4380-8E6F-51673E2DB3E9}.Debug|x64.Build.0 = Debug|x64
		{1D91EF86-C445-4380-8E6F-51673E2DB3E9}.Debug|x86.ActiveCfg = Debug|Win32
		{1D91EF86-C445-4380-8E6F-51673E2DB3E9}.Debug|x86.Build.0 = Debug|Win32
		{1D91EF86-C445-4380-8E6F-51673E2DB3E9}.Release|x64.ActiveCfg = Release|x64
		{1D91EF86-C445-4380-8E6F-51673E2DB3E9}.Release|x64.Build.0 = Release|x64
		{1D91EF86-C445-4380-8E6F-51673E2DB3E9}.Release|x86.ActiveCfg = Release|Win32
		{1D91EF86-C445-4380-8E6F-51673E2DB3E9}.Release|x86.Build.0 = Release|Win32
	EndGlobalSection
	GlobalSection(SolutionProperties) = preSolution
		HideSolutionNode = FALSE
	EndGlobalSection
	GlobalSection(ExtensibilityGlobals) = postSolution
		SolutionGuid = {D85C4E22-F4C4-4AD0-A277-127A786C7331}
	EndGlobalSection
EndGlobal
