
Microsoft Visual Studio Solution File, Format Version 12.00
# Visual Studio Version 17
VisualStudioVersion = 17.3.32922.545
MinimumVisualStudioVersion = 10.0.40219.1
Project("{8BC9CEB8-8B4A-11D0-8D11-00A0C91BC942}") = "max4", "max4\max4.vcxproj", "{84F8F8B0-ADE3-42A8-B3F3-6D1438AA2DAE}"
EndProject
Global
	GlobalSection(SolutionConfigurationPlatforms) = preSolution
		Debug|x64 = Debug|x64
		Debug|x86 = Debug|x86
		Release|x64 = Release|x64
		Release|x86 = Release|x86
	EndGlobalSection
	GlobalSection(ProjectConfigurationPlatforms) = postSolution
		{84F8F8B0-ADE3-42A8-B3F3-6D1438AA2DAE}.Debug|x64.ActiveCfg = Debug|x64
		{84F8F8B0-ADE3-42A8-B3F3-6D1438AA2DAE}.Debug|x64.Build.0 = Debug|x64
		{84F8F8B0-ADE3-42A8-B3F3-6D1438AA2DAE}.Debug|x86.ActiveCfg = Debug|Win32
		{84F8F8B0-ADE3-42A8-B3F3-6D1438AA2DAE}.Debug|x86.Build.0 = Debug|Win32
		{84F8F8B0-ADE3-42A8-B3F3-6D1438AA2DAE}.Release|x64.ActiveCfg = Release|x64
		{84F8F8B0-ADE3-42A8-B3F3-6D1438AA2DAE}.Release|x64.Build.0 = Release|x64
		{84F8F8B0-ADE3-42A8-B3F3-6D1438AA2DAE}.Release|x86.ActiveCfg = Release|Win32
		{84F8F8B0-ADE3-42A8-B3F3-6D1438AA2DAE}.Release|x86.Build.0 = Release|Win32
	EndGlobalSection
	GlobalSection(SolutionProperties) = preSolution
		HideSolutionNode = FALSE
	EndGlobalSection
	GlobalSection(ExtensibilityGlobals) = postSolution
		SolutionGuid = {E49B926A-65DF-4B26-AAFD-AAA2E577B655}
	EndGlobalSection
EndGlobal
